
Microsoft Visual Studio Solution File, Format Version 12.00
# Visual Studio Version 16
VisualStudioVersion = 16.0.34601.136
MinimumVisualStudioVersion = 10.0.40219.1
Project("{FAE04EC0-301F-11D3-BF4B-00C04F79EFBC}") = "lab8", "lab8\lab8.csproj", "{57351629-99C2-4D09-B847-7B79FEC60373}"
EndProject
Global
	GlobalSection(SolutionConfigurationPlatforms) = preSolution
		Debug|Any CPU = Debug|Any CPU
		Release|Any CPU = Release|Any CPU
	EndGlobalSection
	GlobalSection(ProjectConfigurationPlatforms) = postSolution
		{57351629-99C2-4D09-B847-7B79FEC60373}.Debug|Any CPU.ActiveCfg = Debug|Any CPU
		{57351629-99C2-4D09-B847-7B79FEC60373}.Debug|Any CPU.Build.0 = Debug|Any CPU
		{57351629-99C2-4D09-B847-7B79FEC60373}.Release|Any CPU.ActiveCfg = Release|Any CPU
		{57351629-99C2-4D09-B847-7B79FEC60373}.Release|Any CPU.Build.0 = Release|Any CPU
	EndGlobalSection
	GlobalSection(SolutionProperties) = preSolution
		HideSolutionNode = FALSE
	EndGlobalSection
	GlobalSection(ExtensibilityGlobals) = postSolution
		SolutionGuid = {C740BFEE-BC79-41A8-B0D0-272525FF0BDF}
	EndGlobalSection
EndGlobal
